// !$*UTF8*$!
{
	archiveVersion = 1;
	classes = {
	};
	objectVersion = 50;
	objects = {

/* Begin PBXBuildFile section */
		627237AA22346D450048F254 /* SWRevealViewController.m in Sources */ = {isa = PBXBuildFile; fileRef = 627237A822346D450048F254 /* SWRevealViewController.m */; };
		627237AF223475500048F254 /* ChatViewController.swift in Sources */ = {isa = PBXBuildFile; fileRef = 627237AE223475500048F254 /* ChatViewController.swift */; };
		627237B1223475770048F254 /* ChannelViewController.swift in Sources */ = {isa = PBXBuildFile; fileRef = 627237B0223475770048F254 /* ChannelViewController.swift */; };
		627237B3223488570048F254 /* GradientView.swift in Sources */ = {isa = PBXBuildFile; fileRef = 627237B2223488560048F254 /* GradientView.swift */; };
		62A660AF2232131800B6267D /* AppDelegate.swift in Sources */ = {isa = PBXBuildFile; fileRef = 62A660AE2232131800B6267D /* AppDelegate.swift */; };
		62A660B42232131800B6267D /* Main.storyboard in Resources */ = {isa = PBXBuildFile; fileRef = 62A660B22232131800B6267D /* Main.storyboard */; };
		62A660B62232131900B6267D /* Assets.xcassets in Resources */ = {isa = PBXBuildFile; fileRef = 62A660B52232131900B6267D /* Assets.xcassets */; };
		62A660B92232131900B6267D /* LaunchScreen.storyboard in Resources */ = {isa = PBXBuildFile; fileRef = 62A660B72232131900B6267D /* LaunchScreen.storyboard */; };
		62A660C42232131900B6267D /* smackTests.swift in Sources */ = {isa = PBXBuildFile; fileRef = 62A660C32232131900B6267D /* smackTests.swift */; };
		62A660CF2232131A00B6267D /* smackUITests.swift in Sources */ = {isa = PBXBuildFile; fileRef = 62A660CE2232131A00B6267D /* smackUITests.swift */; };
		7B382391F0CDD54A5783B503 /* Pods_smackTests.framework in Frameworks */ = {isa = PBXBuildFile; fileRef = AB6EE4491287F4C9618386DE /* Pods_smackTests.framework */; };
		8C7C786E8E2BC7ED2E5586B6 /* Pods_smackUITests.framework in Frameworks */ = {isa = PBXBuildFile; fileRef = 87C05CD6D8C614569F5B7352 /* Pods_smackUITests.framework */; };
		C3E2B5305C80C7A8BC9A7D29 /* Pods_smack.framework in Frameworks */ = {isa = PBXBuildFile; fileRef = 565D8C3458A62F4DF70BC147 /* Pods_smack.framework */; };
/* End PBXBuildFile section */

/* Begin PBXContainerItemProxy section */
		62A660C02232131900B6267D /* PBXContainerItemProxy */ = {
			isa = PBXContainerItemProxy;
			containerPortal = 62A660A32232131800B6267D /* Project object */;
			proxyType = 1;
			remoteGlobalIDString = 62A660AA2232131800B6267D;
			remoteInfo = smack;
		};
		62A660CB2232131A00B6267D /* PBXContainerItemProxy */ = {
			isa = PBXContainerItemProxy;
			containerPortal = 62A660A32232131800B6267D /* Project object */;
			proxyType = 1;
			remoteGlobalIDString = 62A660AA2232131800B6267D;
			remoteInfo = smack;
		};
/* End PBXContainerItemProxy section */

/* Begin PBXFileReference section */
		22D2EE00750DAD3F327CBC84 /* Pods-smack.release.xcconfig */ = {isa = PBXFileReference; includeInIndex = 1; lastKnownFileType = text.xcconfig; name = "Pods-smack.release.xcconfig"; path = "Pods/Target Support Files/Pods-smack/Pods-smack.release.xcconfig"; sourceTree = "<group>"; };
		24A31F7B0B94E42283DC0768 /* Pods-smackUITests.release.xcconfig */ = {isa = PBXFileReference; includeInIndex = 1; lastKnownFileType = text.xcconfig; name = "Pods-smackUITests.release.xcconfig"; path = "Pods/Target Support Files/Pods-smackUITests/Pods-smackUITests.release.xcconfig"; sourceTree = "<group>"; };
		565D8C3458A62F4DF70BC147 /* Pods_smack.framework */ = {isa = PBXFileReference; explicitFileType = wrapper.framework; includeInIndex = 0; path = Pods_smack.framework; sourceTree = BUILT_PRODUCTS_DIR; };
		627237A722346D440048F254 /* smack-Bridging-Header.h */ = {isa = PBXFileReference; lastKnownFileType = sourcecode.c.h; path = "smack-Bridging-Header.h"; sourceTree = "<group>"; };
		627237A822346D450048F254 /* SWRevealViewController.m */ = {isa = PBXFileReference; fileEncoding = 4; lastKnownFileType = sourcecode.c.objc; path = SWRevealViewController.m; sourceTree = "<group>"; };
		627237A922346D450048F254 /* SWRevealViewController.h */ = {isa = PBXFileReference; fileEncoding = 4; lastKnownFileType = sourcecode.c.h; path = SWRevealViewController.h; sourceTree = "<group>"; };
		627237AE223475500048F254 /* ChatViewController.swift */ = {isa = PBXFileReference; lastKnownFileType = sourcecode.swift; path = ChatViewController.swift; sourceTree = "<group>"; };
		627237B0223475770048F254 /* ChannelViewController.swift */ = {isa = PBXFileReference; lastKnownFileType = sourcecode.swift; path = ChannelViewController.swift; sourceTree = "<group>"; };
		627237B2223488560048F254 /* GradientView.swift */ = {isa = PBXFileReference; lastKnownFileType = sourcecode.swift; path = GradientView.swift; sourceTree = "<group>"; };
		62A660AB2232131800B6267D /* smack.app */ = {isa = PBXFileReference; explicitFileType = wrapper.application; includeInIndex = 0; path = smack.app; sourceTree = BUILT_PRODUCTS_DIR; };
		62A660AE2232131800B6267D /* AppDelegate.swift */ = {isa = PBXFileReference; lastKnownFileType = sourcecode.swift; path = AppDelegate.swift; sourceTree = "<group>"; };
		62A660B32232131800B6267D /* Base */ = {isa = PBXFileReference; lastKnownFileType = file.storyboard; name = Base; path = Base.lproj/Main.storyboard; sourceTree = "<group>"; };
		62A660B52232131900B6267D /* Assets.xcassets */ = {isa = PBXFileReference; lastKnownFileType = folder.assetcatalog; path = Assets.xcassets; sourceTree = "<group>"; };
		62A660B82232131900B6267D /* Base */ = {isa = PBXFileReference; lastKnownFileType = file.storyboard; name = Base; path = Base.lproj/LaunchScreen.storyboard; sourceTree = "<group>"; };
		62A660BA2232131900B6267D /* Info.plist */ = {isa = PBXFileReference; lastKnownFileType = text.plist.xml; path = Info.plist; sourceTree = "<group>"; };
		62A660BF2232131900B6267D /* smackTests.xctest */ = {isa = PBXFileReference; explicitFileType = wrapper.cfbundle; includeInIndex = 0; path = smackTests.xctest; sourceTree = BUILT_PRODUCTS_DIR; };
		62A660C32232131900B6267D /* smackTests.swift */ = {isa = PBXFileReference; lastKnownFileType = sourcecode.swift; path = smackTests.swift; sourceTree = "<group>"; };
		62A660C52232131900B6267D /* Info.plist */ = {isa = PBXFileReference; lastKnownFileType = text.plist.xml; path = Info.plist; sourceTree = "<group>"; };
		62A660CA2232131A00B6267D /* smackUITests.xctest */ = {isa = PBXFileReference; explicitFileType = wrapper.cfbundle; includeInIndex = 0; path = smackUITests.xctest; sourceTree = BUILT_PRODUCTS_DIR; };
		62A660CE2232131A00B6267D /* smackUITests.swift */ = {isa = PBXFileReference; lastKnownFileType = sourcecode.swift; path = smackUITests.swift; sourceTree = "<group>"; };
		62A660D02232131A00B6267D /* Info.plist */ = {isa = PBXFileReference; lastKnownFileType = text.plist.xml; path = Info.plist; sourceTree = "<group>"; };
		6A8007D3785E726694C3F838 /* Pods-smackUITests.debug.xcconfig */ = {isa = PBXFileReference; includeInIndex = 1; lastKnownFileType = text.xcconfig; name = "Pods-smackUITests.debug.xcconfig"; path = "Pods/Target Support Files/Pods-smackUITests/Pods-smackUITests.debug.xcconfig"; sourceTree = "<group>"; };
		87C05CD6D8C614569F5B7352 /* Pods_smackUITests.framework */ = {isa = PBXFileReference; explicitFileType = wrapper.framework; includeInIndex = 0; path = Pods_smackUITests.framework; sourceTree = BUILT_PRODUCTS_DIR; };
		AB6EE4491287F4C9618386DE /* Pods_smackTests.framework */ = {isa = PBXFileReference; explicitFileType = wrapper.framework; includeInIndex = 0; path = Pods_smackTests.framework; sourceTree = BUILT_PRODUCTS_DIR; };
		AFCE95BFCE2AEC148CFCA184 /* Pods-smackTests.debug.xcconfig */ = {isa = PBXFileReference; includeInIndex = 1; lastKnownFileType = text.xcconfig; name = "Pods-smackTests.debug.xcconfig"; path = "Pods/Target Support Files/Pods-smackTests/Pods-smackTests.debug.xcconfig"; sourceTree = "<group>"; };
		BE19B4A808BF4BDFFDC69646 /* Pods-smackTests.release.xcconfig */ = {isa = PBXFileReference; includeInIndex = 1; lastKnownFileType = text.xcconfig; name = "Pods-smackTests.release.xcconfig"; path = "Pods/Target Support Files/Pods-smackTests/Pods-smackTests.release.xcconfig"; sourceTree = "<group>"; };
		CEFD94EA55FD5E635D924D42 /* Pods-smack.debug.xcconfig */ = {isa = PBXFileReference; includeInIndex = 1; lastKnownFileType = text.xcconfig; name = "Pods-smack.debug.xcconfig"; path = "Pods/Target Support Files/Pods-smack/Pods-smack.debug.xcconfig"; sourceTree = "<group>"; };
/* End PBXFileReference section */

/* Begin PBXFrameworksBuildPhase section */
		62A660A82232131800B6267D /* Frameworks */ = {
			isa = PBXFrameworksBuildPhase;
			buildActionMask = 2147483647;
			files = (
				C3E2B5305C80C7A8BC9A7D29 /* Pods_smack.framework in Frameworks */,
			);
			runOnlyForDeploymentPostprocessing = 0;
		};
		62A660BC2232131900B6267D /* Frameworks */ = {
			isa = PBXFrameworksBuildPhase;
			buildActionMask = 2147483647;
			files = (
				7B382391F0CDD54A5783B503 /* Pods_smackTests.framework in Frameworks */,
			);
			runOnlyForDeploymentPostprocessing = 0;
		};
		62A660C72232131A00B6267D /* Frameworks */ = {
			isa = PBXFrameworksBuildPhase;
			buildActionMask = 2147483647;
			files = (
				8C7C786E8E2BC7ED2E5586B6 /* Pods_smackUITests.framework in Frameworks */,
			);
			runOnlyForDeploymentPostprocessing = 0;
		};
/* End PBXFrameworksBuildPhase section */

/* Begin PBXGroup section */
		1F8C2C6A34F275668D936BA5 /* Frameworks */ = {
			isa = PBXGroup;
			children = (
				565D8C3458A62F4DF70BC147 /* Pods_smack.framework */,
				AB6EE4491287F4C9618386DE /* Pods_smackTests.framework */,
				87C05CD6D8C614569F5B7352 /* Pods_smackUITests.framework */,
			);
			name = Frameworks;
			sourceTree = "<group>";
		};
		627237A622346C250048F254 /* supporting files */ = {
			isa = PBXGroup;
			children = (
				627237A922346D450048F254 /* SWRevealViewController.h */,
				627237A822346D450048F254 /* SWRevealViewController.m */,
				627237A722346D440048F254 /* smack-Bridging-Header.h */,
			);
			path = "supporting files";
			sourceTree = "<group>";
		};
		627237AB223474D10048F254 /* Controllers */ = {
			isa = PBXGroup;
			children = (
				627237AE223475500048F254 /* ChatViewController.swift */,
				627237B0223475770048F254 /* ChannelViewController.swift */,
			);
			path = Controllers;
			sourceTree = "<group>";
		};
		627237AC223474F20048F254 /* Views */ = {
			isa = PBXGroup;
			children = (
				627237B2223488560048F254 /* GradientView.swift */,
			);
			path = Views;
			sourceTree = "<group>";
		};
		627237AD223474FE0048F254 /* Models */ = {
			isa = PBXGroup;
			children = (
			);
			path = Models;
			sourceTree = "<group>";
		};
		62A660A22232131800B6267D = {
			isa = PBXGroup;
			children = (
				62A660AD2232131800B6267D /* smack */,
				62A660C22232131900B6267D /* smackTests */,
				62A660CD2232131A00B6267D /* smackUITests */,
				62A660AC2232131800B6267D /* Products */,
				B725762EE8643A8BD1C6772E /* Pods */,
				1F8C2C6A34F275668D936BA5 /* Frameworks */,
			);
			sourceTree = "<group>";
		};
		62A660AC2232131800B6267D /* Products */ = {
			isa = PBXGroup;
			children = (
				62A660AB2232131800B6267D /* smack.app */,
				62A660BF2232131900B6267D /* smackTests.xctest */,
				62A660CA2232131A00B6267D /* smackUITests.xctest */,
			);
			name = Products;
			sourceTree = "<group>";
		};
		62A660AD2232131800B6267D /* smack */ = {
			isa = PBXGroup;
			children = (
				627237AD223474FE0048F254 /* Models */,
				627237AC223474F20048F254 /* Views */,
				627237AB223474D10048F254 /* Controllers */,
				627237A622346C250048F254 /* supporting files */,
				62A660AE2232131800B6267D /* AppDelegate.swift */,
				62A660B22232131800B6267D /* Main.storyboard */,
				62A660B52232131900B6267D /* Assets.xcassets */,
				62A660B72232131900B6267D /* LaunchScreen.storyboard */,
				62A660BA2232131900B6267D /* Info.plist */,
			);
			path = smack;
			sourceTree = "<group>";
		};
		62A660C22232131900B6267D /* smackTests */ = {
			isa = PBXGroup;
			children = (
				62A660C32232131900B6267D /* smackTests.swift */,
				62A660C52232131900B6267D /* Info.plist */,
			);
			path = smackTests;
			sourceTree = "<group>";
		};
		62A660CD2232131A00B6267D /* smackUITests */ = {
			isa = PBXGroup;
			children = (
				62A660CE2232131A00B6267D /* smackUITests.swift */,
				62A660D02232131A00B6267D /* Info.plist */,
			);
			path = smackUITests;
			sourceTree = "<group>";
		};
		B725762EE8643A8BD1C6772E /* Pods */ = {
			isa = PBXGroup;
			children = (
				CEFD94EA55FD5E635D924D42 /* Pods-smack.debug.xcconfig */,
				22D2EE00750DAD3F327CBC84 /* Pods-smack.release.xcconfig */,
				AFCE95BFCE2AEC148CFCA184 /* Pods-smackTests.debug.xcconfig */,
				BE19B4A808BF4BDFFDC69646 /* Pods-smackTests.release.xcconfig */,
				6A8007D3785E726694C3F838 /* Pods-smackUITests.debug.xcconfig */,
				24A31F7B0B94E42283DC0768 /* Pods-smackUITests.release.xcconfig */,
			);
			name = Pods;
			sourceTree = "<group>";
		};
/* End PBXGroup section */

/* Begin PBXNativeTarget section */
		62A660AA2232131800B6267D /* smack */ = {
			isa = PBXNativeTarget;
			buildConfigurationList = 62A660D32232131A00B6267D /* Build configuration list for PBXNativeTarget "smack" */;
			buildPhases = (
				DAC9AE42274A43D1111C8BD2 /* [CP] Check Pods Manifest.lock */,
				62A660A72232131800B6267D /* Sources */,
				62A660A82232131800B6267D /* Frameworks */,
				62A660A92232131800B6267D /* Resources */,
				3479E97F32B6E8D7205ABCDA /* [CP] Embed Pods Frameworks */,
			);
			buildRules = (
			);
			dependencies = (
			);
			name = smack;
			productName = smack;
			productReference = 62A660AB2232131800B6267D /* smack.app */;
			productType = "com.apple.product-type.application";
		};
		62A660BE2232131900B6267D /* smackTests */ = {
			isa = PBXNativeTarget;
			buildConfigurationList = 62A660D62232131A00B6267D /* Build configuration list for PBXNativeTarget "smackTests" */;
			buildPhases = (
				B3285A26E47D56CB27211186 /* [CP] Check Pods Manifest.lock */,
				62A660BB2232131900B6267D /* Sources */,
				62A660BC2232131900B6267D /* Frameworks */,
				62A660BD2232131900B6267D /* Resources */,
			);
			buildRules = (
			);
			dependencies = (
				62A660C12232131900B6267D /* PBXTargetDependency */,
			);
			name = smackTests;
			productName = smackTests;
			productReference = 62A660BF2232131900B6267D /* smackTests.xctest */;
			productType = "com.apple.product-type.bundle.unit-test";
		};
		62A660C92232131A00B6267D /* smackUITests */ = {
			isa = PBXNativeTarget;
			buildConfigurationList = 62A660D92232131A00B6267D /* Build configuration list for PBXNativeTarget "smackUITests" */;
			buildPhases = (
				067D93F6790A3A2713402111 /* [CP] Check Pods Manifest.lock */,
				62A660C62232131A00B6267D /* Sources */,
				62A660C72232131A00B6267D /* Frameworks */,
				62A660C82232131A00B6267D /* Resources */,
			);
			buildRules = (
			);
			dependencies = (
				62A660CC2232131A00B6267D /* PBXTargetDependency */,
			);
			name = smackUITests;
			productName = smackUITests;
			productReference = 62A660CA2232131A00B6267D /* smackUITests.xctest */;
			productType = "com.apple.product-type.bundle.ui-testing";
		};
/* End PBXNativeTarget section */

/* Begin PBXProject section */
		62A660A32232131800B6267D /* Project object */ = {
			isa = PBXProject;
			attributes = {
				LastSwiftUpdateCheck = 1010;
				LastUpgradeCheck = 1010;
				ORGANIZATIONNAME = "Eduardo Perez";
				TargetAttributes = {
					62A660AA2232131800B6267D = {
						CreatedOnToolsVersion = 10.1;
						LastSwiftMigration = 1010;
					};
					62A660BE2232131900B6267D = {
						CreatedOnToolsVersion = 10.1;
						TestTargetID = 62A660AA2232131800B6267D;
					};
					62A660C92232131A00B6267D = {
						CreatedOnToolsVersion = 10.1;
						TestTargetID = 62A660AA2232131800B6267D;
					};
				};
			};
			buildConfigurationList = 62A660A62232131800B6267D /* Build configuration list for PBXProject "smack" */;
			compatibilityVersion = "Xcode 9.3";
			developmentRegion = en;
			hasScannedForEncodings = 0;
			knownRegions = (
				en,
				Base,
			);
			mainGroup = 62A660A22232131800B6267D;
			productRefGroup = 62A660AC2232131800B6267D /* Products */;
			projectDirPath = "";
			projectRoot = "";
			targets = (
				62A660AA2232131800B6267D /* smack */,
				62A660BE2232131900B6267D /* smackTests */,
				62A660C92232131A00B6267D /* smackUITests */,
			);
		};
/* End PBXProject section */

/* Begin PBXResourcesBuildPhase section */
		62A660A92232131800B6267D /* Resources */ = {
			isa = PBXResourcesBuildPhase;
			buildActionMask = 2147483647;
			files = (
				62A660B92232131900B6267D /* LaunchScreen.storyboard in Resources */,
				62A660B62232131900B6267D /* Assets.xcassets in Resources */,
				62A660B42232131800B6267D /* Main.storyboard in Resources */,
			);
			runOnlyForDeploymentPostprocessing = 0;
		};
		62A660BD2232131900B6267D /* Resources */ = {
			isa = PBXResourcesBuildPhase;
			buildActionMask = 2147483647;
			files = (
			);
			runOnlyForDeploymentPostprocessing = 0;
		};
		62A660C82232131A00B6267D /* Resources */ = {
			isa = PBXResourcesBuildPhase;
			buildActionMask = 2147483647;
			files = (
			);
			runOnlyForDeploymentPostprocessing = 0;
		};
/* End PBXResourcesBuildPhase section */

/* Begin PBXShellScriptBuildPhase section */
		067D93F6790A3A2713402111 /* [CP] Check Pods Manifest.lock */ = {
			isa = PBXShellScriptBuildPhase;
			buildActionMask = 2147483647;
			files = (
			);
			inputPaths = (
				"${PODS_PODFILE_DIR_PATH}/Podfile.lock",
				"${PODS_ROOT}/Manifest.lock",
			);
			name = "[CP] Check Pods Manifest.lock";
			outputPaths = (
				"$(DERIVED_FILE_DIR)/Pods-smackUITests-checkManifestLockResult.txt",
			);
			runOnlyForDeploymentPostprocessing = 0;
			shellPath = /bin/sh;
			shellScript = "diff \"${PODS_PODFILE_DIR_PATH}/Podfile.lock\" \"${PODS_ROOT}/Manifest.lock\" > /dev/null\nif [ $? != 0 ] ; then\n    # print error to STDERR\n    echo \"error: The sandbox is not in sync with the Podfile.lock. Run 'pod install' or update your CocoaPods installation.\" >&2\n    exit 1\nfi\n# This output is used by Xcode 'outputs' to avoid re-running this script phase.\necho \"SUCCESS\" > \"${SCRIPT_OUTPUT_FILE_0}\"\n";
			showEnvVarsInLog = 0;
		};
		3479E97F32B6E8D7205ABCDA /* [CP] Embed Pods Frameworks */ = {
			isa = PBXShellScriptBuildPhase;
			buildActionMask = 2147483647;
			files = (
			);
			inputPaths = (
				"${SRCROOT}/Pods/Target Support Files/Pods-smack/Pods-smack-frameworks.sh",
				"${BUILT_PRODUCTS_DIR}/Alamofire/Alamofire.framework",
				"${BUILT_PRODUCTS_DIR}/Socket.IO-Client-Swift/SocketIO.framework",
				"${BUILT_PRODUCTS_DIR}/Starscream/Starscream.framework",
				"${BUILT_PRODUCTS_DIR}/SwiftyJSON/SwiftyJSON.framework",
			);
			name = "[CP] Embed Pods Frameworks";
			outputPaths = (
				"${TARGET_BUILD_DIR}/${FRAMEWORKS_FOLDER_PATH}/Alamofire.framework",
				"${TARGET_BUILD_DIR}/${FRAMEWORKS_FOLDER_PATH}/SocketIO.framework",
				"${TARGET_BUILD_DIR}/${FRAMEWORKS_FOLDER_PATH}/Starscream.framework",
				"${TARGET_BUILD_DIR}/${FRAMEWORKS_FOLDER_PATH}/SwiftyJSON.framework",
			);
			runOnlyForDeploymentPostprocessing = 0;
			shellPath = /bin/sh;
			shellScript = "\"${SRCROOT}/Pods/Target Support Files/Pods-smack/Pods-smack-frameworks.sh\"\n";
			showEnvVarsInLog = 0;
		};
		B3285A26E47D56CB27211186 /* [CP] Check Pods Manifest.lock */ = {
			isa = PBXShellScriptBuildPhase;
			buildActionMask = 2147483647;
			files = (
			);
			inputPaths = (
				"${PODS_PODFILE_DIR_PATH}/Podfile.lock",
				"${PODS_ROOT}/Manifest.lock",
			);
			name = "[CP] Check Pods Manifest.lock";
			outputPaths = (
				"$(DERIVED_FILE_DIR)/Pods-smackTests-checkManifestLockResult.txt",
			);
			runOnlyForDeploymentPostprocessing = 0;
			shellPath = /bin/sh;
			shellScript = "diff \"${PODS_PODFILE_DIR_PATH}/Podfile.lock\" \"${PODS_ROOT}/Manifest.lock\" > /dev/null\nif [ $? != 0 ] ; then\n    # print error to STDERR\n    echo \"error: The sandbox is not in sync with the Podfile.lock. Run 'pod install' or update your CocoaPods installation.\" >&2\n    exit 1\nfi\n# This output is used by Xcode 'outputs' to avoid re-running this script phase.\necho \"SUCCESS\" > \"${SCRIPT_OUTPUT_FILE_0}\"\n";
			showEnvVarsInLog = 0;
		};
		DAC9AE42274A43D1111C8BD2 /* [CP] Check Pods Manifest.lock */ = {
			isa = PBXShellScriptBuildPhase;
			buildActionMask = 2147483647;
			files = (
			);
			inputPaths = (
				"${PODS_PODFILE_DIR_PATH}/Podfile.lock",
				"${PODS_ROOT}/Manifest.lock",
			);
			name = "[CP] Check Pods Manifest.lock";
			outputPaths = (
				"$(DERIVED_FILE_DIR)/Pods-smack-checkManifestLockResult.txt",
			);
			runOnlyForDeploymentPostprocessing = 0;
			shellPath = /bin/sh;
			shellScript = "diff \"${PODS_PODFILE_DIR_PATH}/Podfile.lock\" \"${PODS_ROOT}/Manifest.lock\" > /dev/null\nif [ $? != 0 ] ; then\n    # print error to STDERR\n    echo \"error: The sandbox is not in sync with the Podfile.lock. Run 'pod install' or update your CocoaPods installation.\" >&2\n    exit 1\nfi\n# This output is used by Xcode 'outputs' to avoid re-running this script phase.\necho \"SUCCESS\" > \"${SCRIPT_OUTPUT_FILE_0}\"\n";
			showEnvVarsInLog = 0;
		};
/* End PBXShellScriptBuildPhase section */

/* Begin PBXSourcesBuildPhase section */
		62A660A72232131800B6267D /* Sources */ = {
			isa = PBXSourcesBuildPhase;
			buildActionMask = 2147483647;
			files = (
				62A660AF2232131800B6267D /* AppDelegate.swift in Sources */,
				627237AF223475500048F254 /* ChatViewController.swift in Sources */,
				627237B3223488570048F254 /* GradientView.swift in Sources */,
				627237B1223475770048F254 /* ChannelViewController.swift in Sources */,
				627237AA22346D450048F254 /* SWRevealViewController.m in Sources */,
			);
			runOnlyForDeploymentPostprocessing = 0;
		};
		62A660BB2232131900B6267D /* Sources */ = {
			isa = PBXSourcesBuildPhase;
			buildActionMask = 2147483647;
			files = (
				62A660C42232131900B6267D /* smackTests.swift in Sources */,
			);
			runOnlyForDeploymentPostprocessing = 0;
		};
		62A660C62232131A00B6267D /* Sources */ = {
			isa = PBXSourcesBuildPhase;
			buildActionMask = 2147483647;
			files = (
				62A660CF2232131A00B6267D /* smackUITests.swift in Sources */,
			);
			runOnlyForDeploymentPostprocessing = 0;
		};
/* End PBXSourcesBuildPhase section */

/* Begin PBXTargetDependency section */
		62A660C12232131900B6267D /* PBXTargetDependency */ = {
			isa = PBXTargetDependency;
			target = 62A660AA2232131800B6267D /* smack */;
			targetProxy = 62A660C02232131900B6267D /* PBXContainerItemProxy */;
		};
		62A660CC2232131A00B6267D /* PBXTargetDependency */ = {
			isa = PBXTargetDependency;
			target = 62A660AA2232131800B6267D /* smack */;
			targetProxy = 62A660CB2232131A00B6267D /* PBXContainerItemProxy */;
		};
/* End PBXTargetDependency section */

/* Begin PBXVariantGroup section */
		62A660B22232131800B6267D /* Main.storyboard */ = {
			isa = PBXVariantGroup;
			children = (
				62A660B32232131800B6267D /* Base */,
			);
			name = Main.storyboard;
			sourceTree = "<group>";
		};
		62A660B72232131900B6267D /* LaunchScreen.storyboard */ = {
			isa = PBXVariantGroup;
			children = (
				62A660B82232131900B6267D /* Base */,
			);
			name = LaunchScreen.storyboard;
			sourceTree = "<group>";
		};
/* End PBXVariantGroup section */

/* Begin XCBuildConfiguration section */
		62A660D12232131A00B6267D /* Debug */ = {
			isa = XCBuildConfiguration;
			buildSettings = {
				ALWAYS_SEARCH_USER_PATHS = NO;
				CLANG_ANALYZER_NONNULL = YES;
				CLANG_ANALYZER_NUMBER_OBJECT_CONVERSION = YES_AGGRESSIVE;
				CLANG_CXX_LANGUAGE_STANDARD = "gnu++14";
				CLANG_CXX_LIBRARY = "libc++";
				CLANG_ENABLE_MODULES = YES;
				CLANG_ENABLE_OBJC_ARC = YES;
				CLANG_ENABLE_OBJC_WEAK = YES;
				CLANG_WARN_BLOCK_CAPTURE_AUTORELEASING = YES;
				CLANG_WARN_BOOL_CONVERSION = YES;
				CLANG_WARN_COMMA = YES;
				CLANG_WARN_CONSTANT_CONVERSION = YES;
				CLANG_WARN_DEPRECATED_OBJC_IMPLEMENTATIONS = YES;
				CLANG_WARN_DIRECT_OBJC_ISA_USAGE = YES_ERROR;
				CLANG_WARN_DOCUMENTATION_COMMENTS = YES;
				CLANG_WARN_EMPTY_BODY = YES;
				CLANG_WARN_ENUM_CONVERSION = YES;
				CLANG_WARN_INFINITE_RECURSION = YES;
				CLANG_WARN_INT_CONVERSION = YES;
				CLANG_WARN_NON_LITERAL_NULL_CONVERSION = YES;
				CLANG_WARN_OBJC_IMPLICIT_RETAIN_SELF = YES;
				CLANG_WARN_OBJC_LITERAL_CONVERSION = YES;
				CLANG_WARN_OBJC_ROOT_CLASS = YES_ERROR;
				CLANG_WARN_RANGE_LOOP_ANALYSIS = YES;
				CLANG_WARN_STRICT_PROTOTYPES = YES;
				CLANG_WARN_SUSPICIOUS_MOVE = YES;
				CLANG_WARN_UNGUARDED_AVAILABILITY = YES_AGGRESSIVE;
				CLANG_WARN_UNREACHABLE_CODE = YES;
				CLANG_WARN__DUPLICATE_METHOD_MATCH = YES;
				CODE_SIGN_IDENTITY = "iPhone Developer";
				COPY_PHASE_STRIP = NO;
				DEBUG_INFORMATION_FORMAT = dwarf;
				ENABLE_STRICT_OBJC_MSGSEND = YES;
				ENABLE_TESTABILITY = YES;
				GCC_C_LANGUAGE_STANDARD = gnu11;
				GCC_DYNAMIC_NO_PIC = NO;
				GCC_NO_COMMON_BLOCKS = YES;
				GCC_OPTIMIZATION_LEVEL = 0;
				GCC_PREPROCESSOR_DEFINITIONS = (
					"DEBUG=1",
					"$(inherited)",
				);
				GCC_WARN_64_TO_32_BIT_CONVERSION = YES;
				GCC_WARN_ABOUT_RETURN_TYPE = YES_ERROR;
				GCC_WARN_UNDECLARED_SELECTOR = YES;
				GCC_WARN_UNINITIALIZED_AUTOS = YES_AGGRESSIVE;
				GCC_WARN_UNUSED_FUNCTION = YES;
				GCC_WARN_UNUSED_VARIABLE = YES;
				IPHONEOS_DEPLOYMENT_TARGET = 12.1;
				MTL_ENABLE_DEBUG_INFO = INCLUDE_SOURCE;
				MTL_FAST_MATH = YES;
				ONLY_ACTIVE_ARCH = YES;
				SDKROOT = iphoneos;
				SWIFT_ACTIVE_COMPILATION_CONDITIONS = DEBUG;
				SWIFT_OPTIMIZATION_LEVEL = "-Onone";
			};
			name = Debug;
		};
		62A660D22232131A00B6267D /* Release */ = {
			isa = XCBuildConfiguration;
			buildSettings = {
				ALWAYS_SEARCH_USER_PATHS = NO;
				CLANG_ANALYZER_NONNULL = YES;
				CLANG_ANALYZER_NUMBER_OBJECT_CONVERSION = YES_AGGRESSIVE;
				CLANG_CXX_LANGUAGE_STANDARD = "gnu++14";
				CLANG_CXX_LIBRARY = "libc++";
				CLANG_ENABLE_MODULES = YES;
				CLANG_ENABLE_OBJC_ARC = YES;
				CLANG_ENABLE_OBJC_WEAK = YES;
				CLANG_WARN_BLOCK_CAPTURE_AUTORELEASING = YES;
				CLANG_WARN_BOOL_CONVERSION = YES;
				CLANG_WARN_COMMA = YES;
				CLANG_WARN_CONSTANT_CONVERSION = YES;
				CLANG_WARN_DEPRECATED_OBJC_IMPLEMENTATIONS = YES;
				CLANG_WARN_DIRECT_OBJC_ISA_USAGE = YES_ERROR;
				CLANG_WARN_DOCUMENTATION_COMMENTS = YES;
				CLANG_WARN_EMPTY_BODY = YES;
				CLANG_WARN_ENUM_CONVERSION = YES;
				CLANG_WARN_INFINITE_RECURSION = YES;
				CLANG_WARN_INT_CONVERSION = YES;
				CLANG_WARN_NON_LITERAL_NULL_CONVERSION = YES;
				CLANG_WARN_OBJC_IMPLICIT_RETAIN_SELF = YES;
				CLANG_WARN_OBJC_LITERAL_CONVERSION = YES;
				CLANG_WARN_OBJC_ROOT_CLASS = YES_ERROR;
				CLANG_WARN_RANGE_LOOP_ANALYSIS = YES;
				CLANG_WARN_STRICT_PROTOTYPES = YES;
				CLANG_WARN_SUSPICIOUS_MOVE = YES;
				CLANG_WARN_UNGUARDED_AVAILABILITY = YES_AGGRESSIVE;
				CLANG_WARN_UNREACHABLE_CODE = YES;
				CLANG_WARN__DUPLICATE_METHOD_MATCH = YES;
				CODE_SIGN_IDENTITY = "iPhone Developer";
				COPY_PHASE_STRIP = NO;
				DEBUG_INFORMATION_FORMAT = "dwarf-with-dsym";
				ENABLE_NS_ASSERTIONS = NO;
				ENABLE_STRICT_OBJC_MSGSEND = YES;
				GCC_C_LANGUAGE_STANDARD = gnu11;
				GCC_NO_COMMON_BLOCKS = YES;
				GCC_WARN_64_TO_32_BIT_CONVERSION = YES;
				GCC_WARN_ABOUT_RETURN_TYPE = YES_ERROR;
				GCC_WARN_UNDECLARED_SELECTOR = YES;
				GCC_WARN_UNINITIALIZED_AUTOS = YES_AGGRESSIVE;
				GCC_WARN_UNUSED_FUNCTION = YES;
				GCC_WARN_UNUSED_VARIABLE = YES;
				IPHONEOS_DEPLOYMENT_TARGET = 12.1;
				MTL_ENABLE_DEBUG_INFO = NO;
				MTL_FAST_MATH = YES;
				SDKROOT = iphoneos;
				SWIFT_COMPILATION_MODE = wholemodule;
				SWIFT_OPTIMIZATION_LEVEL = "-O";
				VALIDATE_PRODUCT = YES;
			};
			name = Release;
		};
		62A660D42232131A00B6267D /* Debug */ = {
			isa = XCBuildConfiguration;
			baseConfigurationReference = CEFD94EA55FD5E635D924D42 /* Pods-smack.debug.xcconfig */;
			buildSettings = {
				CLANG_ENABLE_MODULES = YES;
				CODE_SIGN_STYLE = Automatic;
				DEVELOPMENT_TEAM = 3M3L879YH4;
				INFOPLIST_FILE = smack/Info.plist;
				LD_RUNPATH_SEARCH_PATHS = (
					"$(inherited)",
					"@executable_path/Frameworks",
				);
				PRODUCT_BUNDLE_IDENTIFIER = "com.learningcourse-ios.smack";
				PRODUCT_NAME = "$(TARGET_NAME)";
				SWIFT_OBJC_BRIDGING_HEADER = "smack/supporting files/smack-Bridging-Header.h";
				SWIFT_OPTIMIZATION_LEVEL = "-Onone";
				SWIFT_VERSION = 4.2;
				TARGETED_DEVICE_FAMILY = "1,2";
			};
			name = Debug;
		};
		62A660D52232131A00B6267D /* Release */ = {
			isa = XCBuildConfiguration;
			baseConfigurationReference = 22D2EE00750DAD3F327CBC84 /* Pods-smack.release.xcconfig */;
			buildSettings = {
				CLANG_ENABLE_MODULES = YES;
				CODE_SIGN_STYLE = Automatic;
				DEVELOPMENT_TEAM = 3M3L879YH4;
				INFOPLIST_FILE = smack/Info.plist;
				LD_RUNPATH_SEARCH_PATHS = (
					"$(inherited)",
					"@executable_path/Frameworks",
				);
				PRODUCT_BUNDLE_IDENTIFIER = "com.learningcourse-ios.smack";
				PRODUCT_NAME = "$(TARGET_NAME)";
				SWIFT_OBJC_BRIDGING_HEADER = "smack/supporting files/smack-Bridging-Header.h";
				SWIFT_VERSION = 4.2;
				TARGETED_DEVICE_FAMILY = "1,2";
			};
			name = Release;
		};
		62A660D72232131A00B6267D /* Debug */ = {
			isa = XCBuildConfiguration;
			baseConfigurationReference = AFCE95BFCE2AEC148CFCA184 /* Pods-smackTests.debug.xcconfig */;
			buildSettings = {
				ALWAYS_EMBED_SWIFT_STANDARD_LIBRARIES = YES;
				BUNDLE_LOADER = "$(TEST_HOST)";
				CODE_SIGN_STYLE = Automatic;
				DEVELOPMENT_TEAM = 3M3L879YH4;
				INFOPLIST_FILE = smackTests/Info.plist;
				LD_RUNPATH_SEARCH_PATHS = (
					"$(inherited)",
					"@executable_path/Frameworks",
					"@loader_path/Frameworks",
				);
				PRODUCT_BUNDLE_IDENTIFIER = "com.learningcourse-ios.smackTests";
				PRODUCT_NAME = "$(TARGET_NAME)";
				SWIFT_VERSION = 4.2;
				TARGETED_DEVICE_FAMILY = "1,2";
				TEST_HOST = "$(BUILT_PRODUCTS_DIR)/smack.app/smack";
			};
			name = Debug;
		};
		62A660D82232131A00B6267D /* Release */ = {
			isa = XCBuildConfiguration;
			baseConfigurationReference = BE19B4A808BF4BDFFDC69646 /* Pods-smackTests.release.xcconfig */;
			buildSettings = {
				ALWAYS_EMBED_SWIFT_STANDARD_LIBRARIES = YES;
				BUNDLE_LOADER = "$(TEST_HOST)";
				CODE_SIGN_STYLE = Automatic;
				DEVELOPMENT_TEAM = 3M3L879YH4;
				INFOPLIST_FILE = smackTests/Info.plist;
				LD_RUNPATH_SEARCH_PATHS = (
					"$(inherited)",
					"@executable_path/Frameworks",
					"@loader_path/Frameworks",
				);
				PRODUCT_BUNDLE_IDENTIFIER = "com.learningcourse-ios.smackTests";
				PRODUCT_NAME = "$(TARGET_NAME)";
				SWIFT_VERSION = 4.2;
				TARGETED_DEVICE_FAMILY = "1,2";
				TEST_HOST = "$(BUILT_PRODUCTS_DIR)/smack.app/smack";
			};
			name = Release;
		};
		62A660DA2232131A00B6267D /* Debug */ = {
			isa = XCBuildConfiguration;
			baseConfigurationReference = 6A8007D3785E726694C3F838 /* Pods-smackUITests.debug.xcconfig */;
			buildSettings = {
				ALWAYS_EMBED_SWIFT_STANDARD_LIBRARIES = YES;
				CODE_SIGN_STYLE = Automatic;
				DEVELOPMENT_TEAM = 3M3L879YH4;
				INFOPLIST_FILE = smackUITests/Info.plist;
				LD_RUNPATH_SEARCH_PATHS = (
					"$(inherited)",
					"@executable_path/Frameworks",
					"@loader_path/Frameworks",
				);
				PRODUCT_BUNDLE_IDENTIFIER = "com.learningcourse-ios.smackUITests";
				PRODUCT_NAME = "$(TARGET_NAME)";
				SWIFT_VERSION = 4.2;
				TARGETED_DEVICE_FAMILY = "1,2";
				TEST_TARGET_NAME = smack;
			};
			name = Debug;
		};
		62A660DB2232131A00B6267D /* Release */ = {
			isa = XCBuildConfiguration;
			baseConfigurationReference = 24A31F7B0B94E42283DC0768 /* Pods-smackUITests.release.xcconfig */;
			buildSettings = {
				ALWAYS_EMBED_SWIFT_STANDARD_LIBRARIES = YES;
				CODE_SIGN_STYLE = Automatic;
				DEVELOPMENT_TEAM = 3M3L879YH4;
				INFOPLIST_FILE = smackUITests/Info.plist;
				LD_RUNPATH_SEARCH_PATHS = (
					"$(inherited)",
					"@executable_path/Frameworks",
					"@loader_path/Frameworks",
				);
				PRODUCT_BUNDLE_IDENTIFIER = "com.learningcourse-ios.smackUITests";
				PRODUCT_NAME = "$(TARGET_NAME)";
				SWIFT_VERSION = 4.2;
				TARGETED_DEVICE_FAMILY = "1,2";
				TEST_TARGET_NAME = smack;
			};
			name = Release;
		};
/* End XCBuildConfiguration section */

/* Begin XCConfigurationList section */
		62A660A62232131800B6267D /* Build configuration list for PBXProject "smack" */ = {
			isa = XCConfigurationList;
			buildConfigurations = (
				62A660D12232131A00B6267D /* Debug */,
				62A660D22232131A00B6267D /* Release */,
			);
			defaultConfigurationIsVisible = 0;
			defaultConfigurationName = Release;
		};
		62A660D32232131A00B6267D /* Build configuration list for PBXNativeTarget "smack" */ = {
			isa = XCConfigurationList;
			buildConfigurations = (
				62A660D42232131A00B6267D /* Debug */,
				62A660D52232131A00B6267D /* Release */,
			);
			defaultConfigurationIsVisible = 0;
			defaultConfigurationName = Release;
		};
		62A660D62232131A00B6267D /* Build configuration list for PBXNativeTarget "smackTests" */ = {
			isa = XCConfigurationList;
			buildConfigurations = (
				62A660D72232131A00B6267D /* Debug */,
				62A660D82232131A00B6267D /* Release */,
			);
			defaultConfigurationIsVisible = 0;
			defaultConfigurationName = Release;
		};
		62A660D92232131A00B6267D /* Build configuration list for PBXNativeTarget "smackUITests" */ = {
			isa = XCConfigurationList;
			buildConfigurations = (
				62A660DA2232131A00B6267D /* Debug */,
				62A660DB2232131A00B6267D /* Release */,
			);
			defaultConfigurationIsVisible = 0;
			defaultConfigurationName = Release;
		};
/* End XCConfigurationList section */
	};
	rootObject = 62A660A32232131800B6267D /* Project object */;
}
